
Microsoft Visual Studio Solution File, Format Version 12.00
# Visual Studio Version 16
VisualStudioVersion = 16.0.30413.136
MinimumVisualStudioVersion = 10.0.40219.1
Project("{FAE04EC0-301F-11D3-BF4B-00C04F79EFBC}") = "StenSaxPåse", "StenSaxPåse\StenSaxPåse.csproj", "{76BD09DA-5372-4A90-982A-81AC1AD0C5CE}"
EndProject
Global
	GlobalSection(SolutionConfigurationPlatforms) = preSolution
		Debug|Any CPU = Debug|Any CPU
		Release|Any CPU = Release|Any CPU
	EndGlobalSection
	GlobalSection(ProjectConfigurationPlatforms) = postSolution
		{76BD09DA-5372-4A90-982A-81AC1AD0C5CE}.Debug|Any CPU.ActiveCfg = Debug|Any CPU
		{76BD09DA-5372-4A90-982A-81AC1AD0C5CE}.Debug|Any CPU.Build.0 = Debug|Any CPU
		{76BD09DA-5372-4A90-982A-81AC1AD0C5CE}.Release|Any CPU.ActiveCfg = Release|Any CPU
		{76BD09DA-5372-4A90-982A-81AC1AD0C5CE}.Release|Any CPU.Build.0 = Release|Any CPU
	EndGlobalSection
	GlobalSection(SolutionProperties) = preSolution
		HideSolutionNode = FALSE
	EndGlobalSection
	GlobalSection(ExtensibilityGlobals) = postSolution
		SolutionGuid = {46121593-0519-46B7-83A6-4CAB933EEFB9}
	EndGlobalSection
EndGlobal
